
Microsoft Visual Studio Solution File, Format Version 12.00
# Visual Studio Version 16
VisualStudioVersion = 16.0.32126.315
MinimumVisualStudioVersion = 10.0.40219.1
Project("{FAE04EC0-301F-11D3-BF4B-00C04F79EFBC}") = "ArrayExercises", "ArrayExercises\ArrayExercises.csproj", "{A7BD7BE9-B5CF-4556-B576-93CBE666E187}"
EndProject
Global
	GlobalSection(SolutionConfigurationPlatforms) = preSolution
		Debug|Any CPU = Debug|Any CPU
		Release|Any CPU = Release|Any CPU
	EndGlobalSection
	GlobalSection(ProjectConfigurationPlatforms) = postSolution
		{A7BD7BE9-B5CF-4556-B576-93CBE666E187}.Debug|Any CPU.ActiveCfg = Debug|Any CPU
		{A7BD7BE9-B5CF-4556-B576-93CBE666E187}.Debug|Any CPU.Build.0 = Debug|Any CPU
		{A7BD7BE9-B5CF-4556-B576-93CBE666E187}.Release|Any CPU.ActiveCfg = Release|Any CPU
		{A7BD7BE9-B5CF-4556-B576-93CBE666E187}.Release|Any CPU.Build.0 = Release|Any CPU
	EndGlobalSection
	GlobalSection(SolutionProperties) = preSolution
		HideSolutionNode = FALSE
	EndGlobalSection
	GlobalSection(ExtensibilityGlobals) = postSolution
		SolutionGuid = {3E2BA4D8-28CB-410A-AD60-B59DE6F64E8A}
	EndGlobalSection
EndGlobal
